
Microsoft Visual Studio Solution File, Format Version 12.00
# Visual Studio Version 17
VisualStudioVersion = 17.4.33122.133
MinimumVisualStudioVersion = 10.0.40219.1
Project("{FAE04EC0-301F-11D3-BF4B-00C04F79EFBC}") = "JeuxCombatTour", "JeuxCombatTour\JeuxCombatTour.csproj", "{B44632CB-83AB-40F7-B964-CB45F4457CAE}"
EndProject
Global
	GlobalSection(SolutionConfigurationPlatforms) = preSolution
		Debug|Any CPU = Debug|Any CPU
		Release|Any CPU = Release|Any CPU
	EndGlobalSection
	GlobalSection(ProjectConfigurationPlatforms) = postSolution
		{B44632CB-83AB-40F7-B964-CB45F4457CAE}.Debug|Any CPU.ActiveCfg = Debug|Any CPU
		{B44632CB-83AB-40F7-B964-CB45F4457CAE}.Debug|Any CPU.Build.0 = Debug|Any CPU
		{B44632CB-83AB-40F7-B964-CB45F4457CAE}.Release|Any CPU.ActiveCfg = Release|Any CPU
		{B44632CB-83AB-40F7-B964-CB45F4457CAE}.Release|Any CPU.Build.0 = Release|Any CPU
	EndGlobalSection
	GlobalSection(SolutionProperties) = preSolution
		HideSolutionNode = FALSE
	EndGlobalSection
	GlobalSection(ExtensibilityGlobals) = postSolution
		SolutionGuid = {83E4F904-80AE-4BD4-889A-FAEB86DCD9DE}
	EndGlobalSection
EndGlobal
